
Microsoft Visual Studio Solution File, Format Version 12.00
# Visual Studio Version 16
VisualStudioVersion = 16.0.30804.86
MinimumVisualStudioVersion = 10.0.40219.1
Project("{9A19103F-16F7-4668-BE54-9A1E7A4F7556}") = "PL.Diploma.API", "PL.Diploma.API\PL.Diploma.API.csproj", "{BB9BFBEB-C049-4EC1-949A-F937CC5CCA39}"
EndProject
Project("{2150E333-8FDC-42A3-9474-1A3956D46DE8}") = "DL", "DL", "{FBC10E3C-B62A-461C-B3BD-92F54B3A3A1F}"
EndProject
Project("{2150E333-8FDC-42A3-9474-1A3956D46DE8}") = "PL", "PL", "{2F7828B1-EF2E-4A03-A793-CCFC2EE8FE83}"
EndProject
Project("{2150E333-8FDC-42A3-9474-1A3956D46DE8}") = "BL", "BL", "{2ADD1116-771D-4044-8434-6127697DB5B5}"
EndProject
Project("{9A19103F-16F7-4668-BE54-9A1E7A4F7556}") = "PL.Utils", "PL.Utils\PL.Utils.csproj", "{0C9E0F15-B0CA-457D-B788-74961630F538}"
EndProject
Project("{9A19103F-16F7-4668-BE54-9A1E7A4F7556}") = "DL.DIExtension", "DL.DIExtension\DL.DIExtension.csproj", "{384943E0-4C7D-4F15-BF9D-72F7DA221700}"
EndProject
Project("{9A19103F-16F7-4668-BE54-9A1E7A4F7556}") = "DL.Entities", "DL.Entities\DL.Entities.csproj", "{AB211725-B6FB-49F9-98D8-254BC44EB98A}"
EndProject
Project("{9A19103F-16F7-4668-BE54-9A1E7A4F7556}") = "DL.Interfaces", "DL.Interfaces\DL.Interfaces.csproj", "{47EA948A-708D-4F37-8825-69ACB83AF123}"
EndProject
Project("{9A19103F-16F7-4668-BE54-9A1E7A4F7556}") = "DL.UnitOfWork", "DL.UnitOfWork\DL.UnitOfWork.csproj", "{DE84D514-D3FD-46DD-AF7B-28421B2B1958}"
EndProject
Project("{9A19103F-16F7-4668-BE54-9A1E7A4F7556}") = "DL.Repositories", "DL.Repositories\DL.Repositories.csproj", "{F1267BC9-4761-4B5D-9D67-0F6B03ECEB0C}"
EndProject
Project("{2150E333-8FDC-42A3-9474-1A3956D46DE8}") = "Common", "Common", "{FF9B5E83-6C55-4F45-BDA1-E07D4E60D509}"
EndProject
Project("{9A19103F-16F7-4668-BE54-9A1E7A4F7556}") = "Common.Utils", "Common.Utils\Common.Utils.csproj", "{589DC124-39A0-418E-A128-E4A690DD4E56}"
EndProject
Project("{9A19103F-16F7-4668-BE54-9A1E7A4F7556}") = "BL.DIExtension", "BL.DIExtension\BL.DIExtension.csproj", "{1C540C49-0EE5-42F5-AF2D-7884B7C87682}"
EndProject
Project("{9A19103F-16F7-4668-BE54-9A1E7A4F7556}") = "BL.Interfaces", "BL.Interfaces\BL.Interfaces.csproj", "{568488F0-6AD5-4726-B0D2-D9DF93CABE2B}"
EndProject
Project("{9A19103F-16F7-4668-BE54-9A1E7A4F7556}") = "BL.Models", "BL.Models\BL.Models.csproj", "{DC3343C1-EB51-4F8D-945C-462330AECB86}"
EndProject
Project("{2150E333-8FDC-42A3-9474-1A3956D46DE8}") = "EF", "EF", "{43F5414D-D5D7-4778-A0E6-30DBE96510D2}"
EndProject
Project("{9A19103F-16F7-4668-BE54-9A1E7A4F7556}") = "DL.EF.Context", "DL.EF.Context\DL.EF.Context.csproj", "{BE05C160-36DA-414B-BC1D-886FFEF92255}"
EndProject
Project("{9A19103F-16F7-4668-BE54-9A1E7A4F7556}") = "Common.Configurations", "Common.Configurations\Common.Configurations.csproj", "{DCA93F8B-8B5D-4357-9D79-C6BD29654888}"
EndProject
Project("{9A19103F-16F7-4668-BE54-9A1E7A4F7556}") = "BL.Infrastructure", "BL.Infrastructure\BL.Infrastructure.csproj", "{4C68EF18-5212-48D5-9508-3F3A9912D1F2}"
EndProject
Project("{2150E333-8FDC-42A3-9474-1A3956D46DE8}") = "Subdomains", "Subdomains", "{236A3FC0-3559-4394-8DF3-8701764B6306}"
EndProject
Project("{9A19103F-16F7-4668-BE54-9A1E7A4F7556}") = "Common.Infrastructure", "Common.Infrastructure\Common.Infrastructure.csproj", "{6A3F6283-6877-4F68-9DDA-0CC616BAEA67}"
EndProject
Project("{9A19103F-16F7-4668-BE54-9A1E7A4F7556}") = "DL.EF.EntitiyConfigurations", "DL.EF.EntitiyConfigurations\DL.EF.EntitiyConfigurations.csproj", "{0B84F824-AAB6-4E3D-876C-1716A5F1EABF}"
EndProject
Project("{9A19103F-16F7-4668-BE54-9A1E7A4F7556}") = "DL.Infrastructure", "DL.Infrastructure\DL.Infrastructure.csproj", "{2DB6AB44-72AE-4B08-BC6E-42F20E71E7C8}"
EndProject
Project("{9A19103F-16F7-4668-BE54-9A1E7A4F7556}") = "DL.EF.Migrations", "DL.EF.Migrations\DL.EF.Migrations.csproj", "{F28F1855-7B04-4467-B310-043FAC1C55D8}"
EndProject
Project("{2150E333-8FDC-42A3-9474-1A3956D46DE8}") = "FilesGeneration", "FilesGeneration", "{B8596839-5EF5-473E-980F-6EA3BC39EDDB}"
EndProject
Project("{2150E333-8FDC-42A3-9474-1A3956D46DE8}") = "DataForFiles", "DataForFiles", "{EA77B9A7-AB61-4A95-B57E-290D44868E9A}"
EndProject
Project("{2150E333-8FDC-42A3-9474-1A3956D46DE8}") = "Auth", "Auth", "{263C1896-8B6D-46B3-88EF-A633E9794304}"
EndProject
Project("{9A19103F-16F7-4668-BE54-9A1E7A4F7556}") = "BL.Subdomains.Auth", "BL.Subdomains.Auth\BL.Subdomains.Auth.csproj", "{A572D3B7-1075-4C16-B067-A40F70556885}"
EndProject
Project("{9A19103F-16F7-4668-BE54-9A1E7A4F7556}") = "BL.Subdomains.DataForFiles", "BL.Subdomains.DataForFiles\BL.Subdomains.DataForFiles.csproj", "{2366D868-D033-4373-8BDC-327BEDC9C9BB}"
EndProject
Project("{9A19103F-16F7-4668-BE54-9A1E7A4F7556}") = "BL.Subdomains.FilesGeneration", "BL.Subdomains.FilesGeneration\BL.Subdomains.FilesGeneration.csproj", "{5BCA97FA-F21C-4638-8379-6A6CDB9C7674}"
EndProject
Global
	GlobalSection(SolutionConfigurationPlatforms) = preSolution
		Debug|Any CPU = Debug|Any CPU
		Release|Any CPU = Release|Any CPU
	EndGlobalSection
	GlobalSection(ProjectConfigurationPlatforms) = postSolution
		{BB9BFBEB-C049-4EC1-949A-F937CC5CCA39}.Debug|Any CPU.ActiveCfg = Debug|Any CPU
		{BB9BFBEB-C049-4EC1-949A-F937CC5CCA39}.Debug|Any CPU.Build.0 = Debug|Any CPU
		{BB9BFBEB-C049-4EC1-949A-F937CC5CCA39}.Release|Any CPU.ActiveCfg = Release|Any CPU
		{BB9BFBEB-C049-4EC1-949A-F937CC5CCA39}.Release|Any CPU.Build.0 = Release|Any CPU
		{0C9E0F15-B0CA-457D-B788-74961630F538}.Debug|Any CPU.ActiveCfg = Debug|Any CPU
		{0C9E0F15-B0CA-457D-B788-74961630F538}.Debug|Any CPU.Build.0 = Debug|Any CPU
		{0C9E0F15-B0CA-457D-B788-74961630F538}.Release|Any CPU.ActiveCfg = Release|Any CPU
		{0C9E0F15-B0CA-457D-B788-74961630F538}.Release|Any CPU.Build.0 = Release|Any CPU
		{384943E0-4C7D-4F15-BF9D-72F7DA221700}.Debug|Any CPU.ActiveCfg = Debug|Any CPU
		{384943E0-4C7D-4F15-BF9D-72F7DA221700}.Debug|Any CPU.Build.0 = Debug|Any CPU
		{384943E0-4C7D-4F15-BF9D-72F7DA221700}.Release|Any CPU.ActiveCfg = Release|Any CPU
		{384943E0-4C7D-4F15-BF9D-72F7DA221700}.Release|Any CPU.Build.0 = Release|Any CPU
		{AB211725-B6FB-49F9-98D8-254BC44EB98A}.Debug|Any CPU.ActiveCfg = Debug|Any CPU
		{AB211725-B6FB-49F9-98D8-254BC44EB98A}.Debug|Any CPU.Build.0 = Debug|Any CPU
		{AB211725-B6FB-49F9-98D8-254BC44EB98A}.Release|Any CPU.ActiveCfg = Release|Any CPU
		{AB211725-B6FB-49F9-98D8-254BC44EB98A}.Release|Any CPU.Build.0 = Release|Any CPU
		{47EA948A-708D-4F37-8825-69ACB83AF123}.Debug|Any CPU.ActiveCfg = Debug|Any CPU
		{47EA948A-708D-4F37-8825-69ACB83AF123}.Debug|Any CPU.Build.0 = Debug|Any CPU
		{47EA948A-708D-4F37-8825-69ACB83AF123}.Release|Any CPU.ActiveCfg = Release|Any CPU
		{47EA948A-708D-4F37-8825-69ACB83AF123}.Release|Any CPU.Build.0 = Release|Any CPU
		{DE84D514-D3FD-46DD-AF7B-28421B2B1958}.Debug|Any CPU.ActiveCfg = Debug|Any CPU
		{DE84D514-D3FD-46DD-AF7B-28421B2B1958}.Debug|Any CPU.Build.0 = Debug|Any CPU
		{DE84D514-D3FD-46DD-AF7B-28421B2B1958}.Release|Any CPU.ActiveCfg = Release|Any CPU
		{DE84D514-D3FD-46DD-AF7B-28421B2B1958}.Release|Any CPU.Build.0 = Release|Any CPU
		{F1267BC9-4761-4B5D-9D67-0F6B03ECEB0C}.Debug|Any CPU.ActiveCfg = Debug|Any CPU
		{F1267BC9-4761-4B5D-9D67-0F6B03ECEB0C}.Debug|Any CPU.Build.0 = Debug|Any CPU
		{F1267BC9-4761-4B5D-9D67-0F6B03ECEB0C}.Release|Any CPU.ActiveCfg = Release|Any CPU
		{F1267BC9-4761-4B5D-9D67-0F6B03ECEB0C}.Release|Any CPU.Build.0 = Release|Any CPU
		{589DC124-39A0-418E-A128-E4A690DD4E56}.Debug|Any CPU.ActiveCfg = Debug|Any CPU
		{589DC124-39A0-418E-A128-E4A690DD4E56}.Debug|Any CPU.Build.0 = Debug|Any CPU
		{589DC124-39A0-418E-A128-E4A690DD4E56}.Release|Any CPU.ActiveCfg = Release|Any CPU
		{589DC124-39A0-418E-A128-E4A690DD4E56}.Release|Any CPU.Build.0 = Release|Any CPU
		{1C540C49-0EE5-42F5-AF2D-7884B7C87682}.Debug|Any CPU.ActiveCfg = Debug|Any CPU
		{1C540C49-0EE5-42F5-AF2D-7884B7C87682}.Debug|Any CPU.Build.0 = Debug|Any CPU
		{1C540C49-0EE5-42F5-AF2D-7884B7C87682}.Release|Any CPU.ActiveCfg = Release|Any CPU
		{1C540C49-0EE5-42F5-AF2D-7884B7C87682}.Release|Any CPU.Build.0 = Release|Any CPU
		{568488F0-6AD5-4726-B0D2-D9DF93CABE2B}.Debug|Any CPU.ActiveCfg = Debug|Any CPU
		{568488F0-6AD5-4726-B0D2-D9DF93CABE2B}.Debug|Any CPU.Build.0 = Debug|Any CPU
		{568488F0-6AD5-4726-B0D2-D9DF93CABE2B}.Release|Any CPU.ActiveCfg = Release|Any CPU
		{568488F0-6AD5-4726-B0D2-D9DF93CABE2B}.Release|Any CPU.Build.0 = Release|Any CPU
		{DC3343C1-EB51-4F8D-945C-462330AECB86}.Debug|Any CPU.ActiveCfg = Debug|Any CPU
		{DC3343C1-EB51-4F8D-945C-462330AECB86}.Debug|Any CPU.Build.0 = Debug|Any CPU
		{DC3343C1-EB51-4F8D-945C-462330AECB86}.Release|Any CPU.ActiveCfg = Release|Any CPU
		{DC3343C1-EB51-4F8D-945C-462330AECB86}.Release|Any CPU.Build.0 = Release|Any CPU
		{BE05C160-36DA-414B-BC1D-886FFEF92255}.Debug|Any CPU.ActiveCfg = Debug|Any CPU
		{BE05C160-36DA-414B-BC1D-886FFEF92255}.Debug|Any CPU.Build.0 = Debug|Any CPU
		{BE05C160-36DA-414B-BC1D-886FFEF92255}.Release|Any CPU.ActiveCfg = Release|Any CPU
		{BE05C160-36DA-414B-BC1D-886FFEF92255}.Release|Any CPU.Build.0 = Release|Any CPU
		{DCA93F8B-8B5D-4357-9D79-C6BD29654888}.Debug|Any CPU.ActiveCfg = Debug|Any CPU
		{DCA93F8B-8B5D-4357-9D79-C6BD29654888}.Debug|Any CPU.Build.0 = Debug|Any CPU
		{DCA93F8B-8B5D-4357-9D79-C6BD29654888}.Release|Any CPU.ActiveCfg = Release|Any CPU
		{DCA93F8B-8B5D-4357-9D79-C6BD29654888}.Release|Any CPU.Build.0 = Release|Any CPU
		{4C68EF18-5212-48D5-9508-3F3A9912D1F2}.Debug|Any CPU.ActiveCfg = Debug|Any CPU
		{4C68EF18-5212-48D5-9508-3F3A9912D1F2}.Debug|Any CPU.Build.0 = Debug|Any CPU
		{4C68EF18-5212-48D5-9508-3F3A9912D1F2}.Release|Any CPU.ActiveCfg = Release|Any CPU
		{4C68EF18-5212-48D5-9508-3F3A9912D1F2}.Release|Any CPU.Build.0 = Release|Any CPU
		{6A3F6283-6877-4F68-9DDA-0CC616BAEA67}.Debug|Any CPU.ActiveCfg = Debug|Any CPU
		{6A3F6283-6877-4F68-9DDA-0CC616BAEA67}.Debug|Any CPU.Build.0 = Debug|Any CPU
		{6A3F6283-6877-4F68-9DDA-0CC616BAEA67}.Release|Any CPU.ActiveCfg = Release|Any CPU
		{6A3F6283-6877-4F68-9DDA-0CC616BAEA67}.Release|Any CPU.Build.0 = Release|Any CPU
		{0B84F824-AAB6-4E3D-876C-1716A5F1EABF}.Debug|Any CPU.ActiveCfg = Debug|Any CPU
		{0B84F824-AAB6-4E3D-876C-1716A5F1EABF}.Debug|Any CPU.Build.0 = Debug|Any CPU
		{0B84F824-AAB6-4E3D-876C-1716A5F1EABF}.Release|Any CPU.ActiveCfg = Release|Any CPU
		{0B84F824-AAB6-4E3D-876C-1716A5F1EABF}.Release|Any CPU.Build.0 = Release|Any CPU
		{2DB6AB44-72AE-4B08-BC6E-42F20E71E7C8}.Debug|Any CPU.ActiveCfg = Debug|Any CPU
		{2DB6AB44-72AE-4B08-BC6E-42F20E71E7C8}.Debug|Any CPU.Build.0 = Debug|Any CPU
		{2DB6AB44-72AE-4B08-BC6E-42F20E71E7C8}.Release|Any CPU.ActiveCfg = Release|Any CPU
		{2DB6AB44-72AE-4B08-BC6E-42F20E71E7C8}.Release|Any CPU.Build.0 = Release|Any CPU
		{F28F1855-7B04-4467-B310-043FAC1C55D8}.Debug|Any CPU.ActiveCfg = Debug|Any CPU
		{F28F1855-7B04-4467-B310-043FAC1C55D8}.Debug|Any CPU.Build.0 = Debug|Any CPU
		{F28F1855-7B04-4467-B310-043FAC1C55D8}.Release|Any CPU.ActiveCfg = Release|Any CPU
		{F28F1855-7B04-4467-B310-043FAC1C55D8}.Release|Any CPU.Build.0 = Release|Any CPU
		{A572D3B7-1075-4C16-B067-A40F70556885}.Debug|Any CPU.ActiveCfg = Debug|Any CPU
		{A572D3B7-1075-4C16-B067-A40F70556885}.Debug|Any CPU.Build.0 = Debug|Any CPU
		{A572D3B7-1075-4C16-B067-A40F70556885}.Release|Any CPU.ActiveCfg = Release|Any CPU
		{A572D3B7-1075-4C16-B067-A40F70556885}.Release|Any CPU.Build.0 = Release|Any CPU
		{2366D868-D033-4373-8BDC-327BEDC9C9BB}.Debug|Any CPU.ActiveCfg = Debug|Any CPU
		{2366D868-D033-4373-8BDC-327BEDC9C9BB}.Debug|Any CPU.Build.0 = Debug|Any CPU
		{2366D868-D033-4373-8BDC-327BEDC9C9BB}.Release|Any CPU.ActiveCfg = Release|Any CPU
		{2366D868-D033-4373-8BDC-327BEDC9C9BB}.Release|Any CPU.Build.0 = Release|Any CPU
		{5BCA97FA-F21C-4638-8379-6A6CDB9C7674}.Debug|Any CPU.ActiveCfg = Debug|Any CPU
		{5BCA97FA-F21C-4638-8379-6A6CDB9C7674}.Debug|Any CPU.Build.0 = Debug|Any CPU
		{5BCA97FA-F21C-4638-8379-6A6CDB9C7674}.Release|Any CPU.ActiveCfg = Release|Any CPU
		{5BCA97FA-F21C-4638-8379-6A6CDB9C7674}.Release|Any CPU.Build.0 = Release|Any CPU
	EndGlobalSection
	GlobalSection(SolutionProperties) = preSolution
		HideSolutionNode = FALSE
	EndGlobalSection
	GlobalSection(NestedProjects) = preSolution
		{BB9BFBEB-C049-4EC1-949A-F937CC5CCA39} = {2F7828B1-EF2E-4A03-A793-CCFC2EE8FE83}
		{0C9E0F15-B0CA-457D-B788-74961630F538} = {2F7828B1-EF2E-4A03-A793-CCFC2EE8FE83}
		{384943E0-4C7D-4F15-BF9D-72F7DA221700} = {FBC10E3C-B62A-461C-B3BD-92F54B3A3A1F}
		{AB211725-B6FB-49F9-98D8-254BC44EB98A} = {FBC10E3C-B62A-461C-B3BD-92F54B3A3A1F}
		{47EA948A-708D-4F37-8825-69ACB83AF123} = {FBC10E3C-B62A-461C-B3BD-92F54B3A3A1F}
		{DE84D514-D3FD-46DD-AF7B-28421B2B1958} = {FBC10E3C-B62A-461C-B3BD-92F54B3A3A1F}
		{F1267BC9-4761-4B5D-9D67-0F6B03ECEB0C} = {FBC10E3C-B62A-461C-B3BD-92F54B3A3A1F}
		{589DC124-39A0-418E-A128-E4A690DD4E56} = {FF9B5E83-6C55-4F45-BDA1-E07D4E60D509}
		{1C540C49-0EE5-42F5-AF2D-7884B7C87682} = {2ADD1116-771D-4044-8434-6127697DB5B5}
		{568488F0-6AD5-4726-B0D2-D9DF93CABE2B} = {2ADD1116-771D-4044-8434-6127697DB5B5}
		{DC3343C1-EB51-4F8D-945C-462330AECB86} = {2ADD1116-771D-4044-8434-6127697DB5B5}
		{43F5414D-D5D7-4778-A0E6-30DBE96510D2} = {FBC10E3C-B62A-461C-B3BD-92F54B3A3A1F}
		{BE05C160-36DA-414B-BC1D-886FFEF92255} = {43F5414D-D5D7-4778-A0E6-30DBE96510D2}
		{DCA93F8B-8B5D-4357-9D79-C6BD29654888} = {FF9B5E83-6C55-4F45-BDA1-E07D4E60D509}
		{4C68EF18-5212-48D5-9508-3F3A9912D1F2} = {2ADD1116-771D-4044-8434-6127697DB5B5}
		{236A3FC0-3559-4394-8DF3-8701764B6306} = {2ADD1116-771D-4044-8434-6127697DB5B5}
		{6A3F6283-6877-4F68-9DDA-0CC616BAEA67} = {FF9B5E83-6C55-4F45-BDA1-E07D4E60D509}
		{0B84F824-AAB6-4E3D-876C-1716A5F1EABF} = {43F5414D-D5D7-4778-A0E6-30DBE96510D2}
		{2DB6AB44-72AE-4B08-BC6E-42F20E71E7C8} = {FBC10E3C-B62A-461C-B3BD-92F54B3A3A1F}
		{F28F1855-7B04-4467-B310-043FAC1C55D8} = {43F5414D-D5D7-4778-A0E6-30DBE96510D2}
		{B8596839-5EF5-473E-980F-6EA3BC39EDDB} = {236A3FC0-3559-4394-8DF3-8701764B6306}
		{EA77B9A7-AB61-4A95-B57E-290D44868E9A} = {236A3FC0-3559-4394-8DF3-8701764B6306}
		{263C1896-8B6D-46B3-88EF-A633E9794304} = {236A3FC0-3559-4394-8DF3-8701764B6306}
		{A572D3B7-1075-4C16-B067-A40F70556885} = {263C1896-8B6D-46B3-88EF-A633E9794304}
		{2366D868-D033-4373-8BDC-327BEDC9C9BB} = {EA77B9A7-AB61-4A95-B57E-290D44868E9A}
		{5BCA97FA-F21C-4638-8379-6A6CDB9C7674} = {B8596839-5EF5-473E-980F-6EA3BC39EDDB}
	EndGlobalSection
	GlobalSection(ExtensibilityGlobals) = postSolution
		SolutionGuid = {C4B3BC3C-3EF0-472B-BEE1-87743C4175F7}
	EndGlobalSection
EndGlobal
