
Microsoft Visual Studio Solution File, Format Version 12.00
# Visual Studio Version 16
VisualStudioVersion = 16.0.30804.86
MinimumVisualStudioVersion = 10.0.40219.1
Project("{9A19103F-16F7-4668-BE54-9A1E7A4F7556}") = "PL.Diploma.API", "PL.Diploma.API\PL.Diploma.API.csproj", "{BB9BFBEB-C049-4EC1-949A-F937CC5CCA39}"
EndProject
Project("{2150E333-8FDC-42A3-9474-1A3956D46DE8}") = "DL", "DL", "{FBC10E3C-B62A-461C-B3BD-92F54B3A3A1F}"
EndProject
Project("{2150E333-8FDC-42A3-9474-1A3956D46DE8}") = "PL", "PL", "{2F7828B1-EF2E-4A03-A793-CCFC2EE8FE83}"
EndProject
Project("{2150E333-8FDC-42A3-9474-1A3956D46DE8}") = "BL", "BL", "{2ADD1116-771D-4044-8434-6127697DB5B5}"
EndProject
Project("{9A19103F-16F7-4668-BE54-9A1E7A4F7556}") = "PL.Utils", "PL.Utils\PL.Utils.csproj", "{0C9E0F15-B0CA-457D-B788-74961630F538}"
EndProject
Project("{9A19103F-16F7-4668-BE54-9A1E7A4F7556}") = "DL.DIExtension", "DL.DIExtension\DL.DIExtension.csproj", "{384943E0-4C7D-4F15-BF9D-72F7DA221700}"
EndProject
Project("{9A19103F-16F7-4668-BE54-9A1E7A4F7556}") = "DL.Entities", "DL.Entities\DL.Entities.csproj", "{AB211725-B6FB-49F9-98D8-254BC44EB98A}"
EndProject
Project("{9A19103F-16F7-4668-BE54-9A1E7A4F7556}") = "DL.Interfaces", "DL.Interfaces\DL.Interfaces.csproj", "{47EA948A-708D-4F37-8825-69ACB83AF123}"
EndProject
Project("{9A19103F-16F7-4668-BE54-9A1E7A4F7556}") = "DL.UnitOfWork", "DL.UnitOfWork\DL.UnitOfWork.csproj", "{DE84D514-D3FD-46DD-AF7B-28421B2B1958}"
EndProject
Project("{9A19103F-16F7-4668-BE54-9A1E7A4F7556}") = "DL.Repositories", "DL.Repositories\DL.Repositories.csproj", "{F1267BC9-4761-4B5D-9D67-0F6B03ECEB0C}"
EndProject
Project("{2150E333-8FDC-42A3-9474-1A3956D46DE8}") = "Common", "Common", "{FF9B5E83-6C55-4F45-BDA1-E07D4E60D509}"
EndProject
Project("{9A19103F-16F7-4668-BE54-9A1E7A4F7556}") = "Common.Utils", "Common.Utils\Common.Utils.csproj", "{589DC124-39A0-418E-A128-E4A690DD4E56}"
EndProject
Project("{9A19103F-16F7-4668-BE54-9A1E7A4F7556}") = "BL.Services", "BL.Services\BL.Services.csproj", "{F6DC9745-A519-46C6-8417-C7DC8BA8B91A}"
EndProject
Project("{9A19103F-16F7-4668-BE54-9A1E7A4F7556}") = "BL.DIExtension", "BL.DIExtension\BL.DIExtension.csproj", "{1C540C49-0EE5-42F5-AF2D-7884B7C87682}"
EndProject
Project("{9A19103F-16F7-4668-BE54-9A1E7A4F7556}") = "BL.Interfaces", "BL.Interfaces\BL.Interfaces.csproj", "{568488F0-6AD5-4726-B0D2-D9DF93CABE2B}"
EndProject
Project("{9A19103F-16F7-4668-BE54-9A1E7A4F7556}") = "BL.Models", "BL.Models\BL.Models.csproj", "{DC3343C1-EB51-4F8D-945C-462330AECB86}"
EndProject
Project("{2150E333-8FDC-42A3-9474-1A3956D46DE8}") = "EF", "EF", "{43F5414D-D5D7-4778-A0E6-30DBE96510D2}"
EndProject
Project("{FAE04EC0-301F-11D3-BF4B-00C04F79EFBC}") = "DL.EF.Migrations", "DL.EF.Migrations\DL.EF.Migrations.csproj", "{438DB992-6134-4C7B-91ED-2C4F97A90B83}"
EndProject
Project("{FAE04EC0-301F-11D3-BF4B-00C04F79EFBC}") = "DL.EF.Context", "DL.EF.Context\DL.EF.Context.csproj", "{BE05C160-36DA-414B-BC1D-886FFEF92255}"
EndProject
Project("{FAE04EC0-301F-11D3-BF4B-00C04F79EFBC}") = "Common.Configurations", "Common.Configurations\Common.Configurations.csproj", "{DCA93F8B-8B5D-4357-9D79-C6BD29654888}"
EndProject
Global
	GlobalSection(SolutionConfigurationPlatforms) = preSolution
		Debug|Any CPU = Debug|Any CPU
		Release|Any CPU = Release|Any CPU
	EndGlobalSection
	GlobalSection(ProjectConfigurationPlatforms) = postSolution
		{BB9BFBEB-C049-4EC1-949A-F937CC5CCA39}.Debug|Any CPU.ActiveCfg = Debug|Any CPU
		{BB9BFBEB-C049-4EC1-949A-F937CC5CCA39}.Debug|Any CPU.Build.0 = Debug|Any CPU
		{BB9BFBEB-C049-4EC1-949A-F937CC5CCA39}.Release|Any CPU.ActiveCfg = Release|Any CPU
		{BB9BFBEB-C049-4EC1-949A-F937CC5CCA39}.Release|Any CPU.Build.0 = Release|Any CPU
		{0C9E0F15-B0CA-457D-B788-74961630F538}.Debug|Any CPU.ActiveCfg = Debug|Any CPU
		{0C9E0F15-B0CA-457D-B788-74961630F538}.Debug|Any CPU.Build.0 = Debug|Any CPU
		{0C9E0F15-B0CA-457D-B788-74961630F538}.Release|Any CPU.ActiveCfg = Release|Any CPU
		{0C9E0F15-B0CA-457D-B788-74961630F538}.Release|Any CPU.Build.0 = Release|Any CPU
		{384943E0-4C7D-4F15-BF9D-72F7DA221700}.Debug|Any CPU.ActiveCfg = Debug|Any CPU
		{384943E0-4C7D-4F15-BF9D-72F7DA221700}.Debug|Any CPU.Build.0 = Debug|Any CPU
		{384943E0-4C7D-4F15-BF9D-72F7DA221700}.Release|Any CPU.ActiveCfg = Release|Any CPU
		{384943E0-4C7D-4F15-BF9D-72F7DA221700}.Release|Any CPU.Build.0 = Release|Any CPU
		{AB211725-B6FB-49F9-98D8-254BC44EB98A}.Debug|Any CPU.ActiveCfg = Debug|Any CPU
		{AB211725-B6FB-49F9-98D8-254BC44EB98A}.Debug|Any CPU.Build.0 = Debug|Any CPU
		{AB211725-B6FB-49F9-98D8-254BC44EB98A}.Release|Any CPU.ActiveCfg = Release|Any CPU
		{AB211725-B6FB-49F9-98D8-254BC44EB98A}.Release|Any CPU.Build.0 = Release|Any CPU
		{47EA948A-708D-4F37-8825-69ACB83AF123}.Debug|Any CPU.ActiveCfg = Debug|Any CPU
		{47EA948A-708D-4F37-8825-69ACB83AF123}.Debug|Any CPU.Build.0 = Debug|Any CPU
		{47EA948A-708D-4F37-8825-69ACB83AF123}.Release|Any CPU.ActiveCfg = Release|Any CPU
		{47EA948A-708D-4F37-8825-69ACB83AF123}.Release|Any CPU.Build.0 = Release|Any CPU
		{DE84D514-D3FD-46DD-AF7B-28421B2B1958}.Debug|Any CPU.ActiveCfg = Debug|Any CPU
		{DE84D514-D3FD-46DD-AF7B-28421B2B1958}.Debug|Any CPU.Build.0 = Debug|Any CPU
		{DE84D514-D3FD-46DD-AF7B-28421B2B1958}.Release|Any CPU.ActiveCfg = Release|Any CPU
		{DE84D514-D3FD-46DD-AF7B-28421B2B1958}.Release|Any CPU.Build.0 = Release|Any CPU
		{F1267BC9-4761-4B5D-9D67-0F6B03ECEB0C}.Debug|Any CPU.ActiveCfg = Debug|Any CPU
		{F1267BC9-4761-4B5D-9D67-0F6B03ECEB0C}.Debug|Any CPU.Build.0 = Debug|Any CPU
		{F1267BC9-4761-4B5D-9D67-0F6B03ECEB0C}.Release|Any CPU.ActiveCfg = Release|Any CPU
		{F1267BC9-4761-4B5D-9D67-0F6B03ECEB0C}.Release|Any CPU.Build.0 = Release|Any CPU
		{589DC124-39A0-418E-A128-E4A690DD4E56}.Debug|Any CPU.ActiveCfg = Debug|Any CPU
		{589DC124-39A0-418E-A128-E4A690DD4E56}.Debug|Any CPU.Build.0 = Debug|Any CPU
		{589DC124-39A0-418E-A128-E4A690DD4E56}.Release|Any CPU.ActiveCfg = Release|Any CPU
		{589DC124-39A0-418E-A128-E4A690DD4E56}.Release|Any CPU.Build.0 = Release|Any CPU
		{F6DC9745-A519-46C6-8417-C7DC8BA8B91A}.Debug|Any CPU.ActiveCfg = Debug|Any CPU
		{F6DC9745-A519-46C6-8417-C7DC8BA8B91A}.Debug|Any CPU.Build.0 = Debug|Any CPU
		{F6DC9745-A519-46C6-8417-C7DC8BA8B91A}.Release|Any CPU.ActiveCfg = Release|Any CPU
		{F6DC9745-A519-46C6-8417-C7DC8BA8B91A}.Release|Any CPU.Build.0 = Release|Any CPU
		{1C540C49-0EE5-42F5-AF2D-7884B7C87682}.Debug|Any CPU.ActiveCfg = Debug|Any CPU
		{1C540C49-0EE5-42F5-AF2D-7884B7C87682}.Debug|Any CPU.Build.0 = Debug|Any CPU
		{1C540C49-0EE5-42F5-AF2D-7884B7C87682}.Release|Any CPU.ActiveCfg = Release|Any CPU
		{1C540C49-0EE5-42F5-AF2D-7884B7C87682}.Release|Any CPU.Build.0 = Release|Any CPU
		{568488F0-6AD5-4726-B0D2-D9DF93CABE2B}.Debug|Any CPU.ActiveCfg = Debug|Any CPU
		{568488F0-6AD5-4726-B0D2-D9DF93CABE2B}.Debug|Any CPU.Build.0 = Debug|Any CPU
		{568488F0-6AD5-4726-B0D2-D9DF93CABE2B}.Release|Any CPU.ActiveCfg = Release|Any CPU
		{568488F0-6AD5-4726-B0D2-D9DF93CABE2B}.Release|Any CPU.Build.0 = Release|Any CPU
		{DC3343C1-EB51-4F8D-945C-462330AECB86}.Debug|Any CPU.ActiveCfg = Debug|Any CPU
		{DC3343C1-EB51-4F8D-945C-462330AECB86}.Debug|Any CPU.Build.0 = Debug|Any CPU
		{DC3343C1-EB51-4F8D-945C-462330AECB86}.Release|Any CPU.ActiveCfg = Release|Any CPU
		{DC3343C1-EB51-4F8D-945C-462330AECB86}.Release|Any CPU.Build.0 = Release|Any CPU
		{438DB992-6134-4C7B-91ED-2C4F97A90B83}.Debug|Any CPU.ActiveCfg = Debug|Any CPU
		{438DB992-6134-4C7B-91ED-2C4F97A90B83}.Debug|Any CPU.Build.0 = Debug|Any CPU
		{438DB992-6134-4C7B-91ED-2C4F97A90B83}.Release|Any CPU.ActiveCfg = Release|Any CPU
		{438DB992-6134-4C7B-91ED-2C4F97A90B83}.Release|Any CPU.Build.0 = Release|Any CPU
		{BE05C160-36DA-414B-BC1D-886FFEF92255}.Debug|Any CPU.ActiveCfg = Debug|Any CPU
		{BE05C160-36DA-414B-BC1D-886FFEF92255}.Debug|Any CPU.Build.0 = Debug|Any CPU
		{BE05C160-36DA-414B-BC1D-886FFEF92255}.Release|Any CPU.ActiveCfg = Release|Any CPU
		{BE05C160-36DA-414B-BC1D-886FFEF92255}.Release|Any CPU.Build.0 = Release|Any CPU
		{DCA93F8B-8B5D-4357-9D79-C6BD29654888}.Debug|Any CPU.ActiveCfg = Debug|Any CPU
		{DCA93F8B-8B5D-4357-9D79-C6BD29654888}.Debug|Any CPU.Build.0 = Debug|Any CPU
		{DCA93F8B-8B5D-4357-9D79-C6BD29654888}.Release|Any CPU.ActiveCfg = Release|Any CPU
		{DCA93F8B-8B5D-4357-9D79-C6BD29654888}.Release|Any CPU.Build.0 = Release|Any CPU
	EndGlobalSection
	GlobalSection(SolutionProperties) = preSolution
		HideSolutionNode = FALSE
	EndGlobalSection
	GlobalSection(NestedProjects) = preSolution
		{BB9BFBEB-C049-4EC1-949A-F937CC5CCA39} = {2F7828B1-EF2E-4A03-A793-CCFC2EE8FE83}
		{0C9E0F15-B0CA-457D-B788-74961630F538} = {2F7828B1-EF2E-4A03-A793-CCFC2EE8FE83}
		{384943E0-4C7D-4F15-BF9D-72F7DA221700} = {FBC10E3C-B62A-461C-B3BD-92F54B3A3A1F}
		{AB211725-B6FB-49F9-98D8-254BC44EB98A} = {FBC10E3C-B62A-461C-B3BD-92F54B3A3A1F}
		{47EA948A-708D-4F37-8825-69ACB83AF123} = {FBC10E3C-B62A-461C-B3BD-92F54B3A3A1F}
		{DE84D514-D3FD-46DD-AF7B-28421B2B1958} = {FBC10E3C-B62A-461C-B3BD-92F54B3A3A1F}
		{F1267BC9-4761-4B5D-9D67-0F6B03ECEB0C} = {FBC10E3C-B62A-461C-B3BD-92F54B3A3A1F}
		{589DC124-39A0-418E-A128-E4A690DD4E56} = {FF9B5E83-6C55-4F45-BDA1-E07D4E60D509}
		{F6DC9745-A519-46C6-8417-C7DC8BA8B91A} = {2ADD1116-771D-4044-8434-6127697DB5B5}
		{1C540C49-0EE5-42F5-AF2D-7884B7C87682} = {2ADD1116-771D-4044-8434-6127697DB5B5}
		{568488F0-6AD5-4726-B0D2-D9DF93CABE2B} = {2ADD1116-771D-4044-8434-6127697DB5B5}
		{DC3343C1-EB51-4F8D-945C-462330AECB86} = {2ADD1116-771D-4044-8434-6127697DB5B5}
		{43F5414D-D5D7-4778-A0E6-30DBE96510D2} = {FBC10E3C-B62A-461C-B3BD-92F54B3A3A1F}
		{438DB992-6134-4C7B-91ED-2C4F97A90B83} = {43F5414D-D5D7-4778-A0E6-30DBE96510D2}
		{BE05C160-36DA-414B-BC1D-886FFEF92255} = {43F5414D-D5D7-4778-A0E6-30DBE96510D2}
		{DCA93F8B-8B5D-4357-9D79-C6BD29654888} = {FF9B5E83-6C55-4F45-BDA1-E07D4E60D509}
	EndGlobalSection
	GlobalSection(ExtensibilityGlobals) = postSolution
		SolutionGuid = {C4B3BC3C-3EF0-472B-BEE1-87743C4175F7}
	EndGlobalSection
EndGlobal
